
Microsoft Visual Studio Solution File, Format Version 12.00
# Visual Studio Version 16
VisualStudioVersion = 16.0.29318.209
MinimumVisualStudioVersion = 10.0.40219.1
Project("{FAE04EC0-301F-11D3-BF4B-00C04F79EFBC}") = "BlakBox.Android", "BlakBox.Android\BlakBox.Android.csproj", "{8CED1376-5F85-4AE1-B4E7-A4A6E1C75D3B}"
EndProject
Project("{FAE04EC0-301F-11D3-BF4B-00C04F79EFBC}") = "BlakBox.iOS", "BlakBox.iOS\BlakBox.iOS.csproj", "{E87300AE-608D-4702-B05E-5D5ADD672070}"
EndProject
Project("{FAE04EC0-301F-11D3-BF4B-00C04F79EFBC}") = "BlakBox", "BlakBox\BlakBox.csproj", "{A061F62A-B67E-4DA6-B1AE-2CC0F3A6A4D4}"
EndProject
Global
	GlobalSection(SolutionConfigurationPlatforms) = preSolution
		Debug|Any CPU = Debug|Any CPU
		Debug|iPhone = Debug|iPhone
		Debug|iPhoneSimulator = Debug|iPhoneSimulator
		Release|Any CPU = Release|Any CPU
		Release|iPhone = Release|iPhone
		Release|iPhoneSimulator = Release|iPhoneSimulator
	EndGlobalSection
	GlobalSection(ProjectConfigurationPlatforms) = postSolution
		{8CED1376-5F85-4AE1-B4E7-A4A6E1C75D3B}.Debug|Any CPU.ActiveCfg = Debug|Any CPU
		{8CED1376-5F85-4AE1-B4E7-A4A6E1C75D3B}.Debug|Any CPU.Build.0 = Debug|Any CPU
		{8CED1376-5F85-4AE1-B4E7-A4A6E1C75D3B}.Debug|Any CPU.Deploy.0 = Debug|Any CPU
		{8CED1376-5F85-4AE1-B4E7-A4A6E1C75D3B}.Debug|iPhone.ActiveCfg = Debug|Any CPU
		{8CED1376-5F85-4AE1-B4E7-A4A6E1C75D3B}.Debug|iPhone.Build.0 = Debug|Any CPU
		{8CED1376-5F85-4AE1-B4E7-A4A6E1C75D3B}.Debug|iPhone.Deploy.0 = Debug|Any CPU
		{8CED1376-5F85-4AE1-B4E7-A4A6E1C75D3B}.Debug|iPhoneSimulator.ActiveCfg = Debug|Any CPU
		{8CED1376-5F85-4AE1-B4E7-A4A6E1C75D3B}.Debug|iPhoneSimulator.Build.0 = Debug|Any CPU
		{8CED1376-5F85-4AE1-B4E7-A4A6E1C75D3B}.Debug|iPhoneSimulator.Deploy.0 = Debug|Any CPU
		{8CED1376-5F85-4AE1-B4E7-A4A6E1C75D3B}.Release|Any CPU.ActiveCfg = Release|Any CPU
		{8CED1376-5F85-4AE1-B4E7-A4A6E1C75D3B}.Release|Any CPU.Build.0 = Release|Any CPU
		{8CED1376-5F85-4AE1-B4E7-A4A6E1C75D3B}.Release|Any CPU.Deploy.0 = Release|Any CPU
		{8CED1376-5F85-4AE1-B4E7-A4A6E1C75D3B}.Release|iPhone.ActiveCfg = Release|Any CPU
		{8CED1376-5F85-4AE1-B4E7-A4A6E1C75D3B}.Release|iPhone.Build.0 = Release|Any CPU
		{8CED1376-5F85-4AE1-B4E7-A4A6E1C75D3B}.Release|iPhone.Deploy.0 = Release|Any CPU
		{8CED1376-5F85-4AE1-B4E7-A4A6E1C75D3B}.Release|iPhoneSimulator.ActiveCfg = Release|Any CPU
		{8CED1376-5F85-4AE1-B4E7-A4A6E1C75D3B}.Release|iPhoneSimulator.Build.0 = Release|Any CPU
		{8CED1376-5F85-4AE1-B4E7-A4A6E1C75D3B}.Release|iPhoneSimulator.Deploy.0 = Release|Any CPU
		{E87300AE-608D-4702-B05E-5D5ADD672070}.Debug|Any CPU.ActiveCfg = Debug|iPhoneSimulator
		{E87300AE-608D-4702-B05E-5D5ADD672070}.Debug|Any CPU.Build.0 = Debug|iPhoneSimulator
		{E87300AE-608D-4702-B05E-5D5ADD672070}.Debug|Any CPU.Deploy.0 = Debug|iPhoneSimulator
		{E87300AE-608D-4702-B05E-5D5ADD672070}.Debug|iPhone.ActiveCfg = Debug|iPhone
		{E87300AE-608D-4702-B05E-5D5ADD672070}.Debug|iPhone.Build.0 = Debug|iPhone
		{E87300AE-608D-4702-B05E-5D5ADD672070}.Debug|iPhone.Deploy.0 = Debug|iPhone
		{E87300AE-608D-4702-B05E-5D5ADD672070}.Debug|iPhoneSimulator.ActiveCfg = Debug|iPhoneSimulator
		{E87300AE-608D-4702-B05E-5D5ADD672070}.Debug|iPhoneSimulator.Build.0 = Debug|iPhoneSimulator
		{E87300AE-608D-4702-B05E-5D5ADD672070}.Debug|iPhoneSimulator.Deploy.0 = Debug|iPhoneSimulator
		{E87300AE-608D-4702-B05E-5D5ADD672070}.Release|Any CPU.ActiveCfg = Release|iPhone
		{E87300AE-608D-4702-B05E-5D5ADD672070}.Release|Any CPU.Build.0 = Release|iPhone
		{E87300AE-608D-4702-B05E-5D5ADD672070}.Release|Any CPU.Deploy.0 = Release|iPhone
		{E87300AE-608D-4702-B05E-5D5ADD672070}.Release|iPhone.ActiveCfg = Release|iPhone
		{E87300AE-608D-4702-B05E-5D5ADD672070}.Release|iPhone.Build.0 = Release|iPhone
		{E87300AE-608D-4702-B05E-5D5ADD672070}.Release|iPhone.Deploy.0 = Release|iPhone
		{E87300AE-608D-4702-B05E-5D5ADD672070}.Release|iPhoneSimulator.ActiveCfg = Release|iPhoneSimulator
		{E87300AE-608D-4702-B05E-5D5ADD672070}.Release|iPhoneSimulator.Build.0 = Release|iPhoneSimulator
		{E87300AE-608D-4702-B05E-5D5ADD672070}.Release|iPhoneSimulator.Deploy.0 = Release|iPhoneSimulator
		{A061F62A-B67E-4DA6-B1AE-2CC0F3A6A4D4}.Debug|Any CPU.ActiveCfg = Debug|Any CPU
		{A061F62A-B67E-4DA6-B1AE-2CC0F3A6A4D4}.Debug|Any CPU.Build.0 = Debug|Any CPU
		{A061F62A-B67E-4DA6-B1AE-2CC0F3A6A4D4}.Debug|Any CPU.Deploy.0 = Debug|Any CPU
		{A061F62A-B67E-4DA6-B1AE-2CC0F3A6A4D4}.Debug|iPhone.ActiveCfg = Debug|Any CPU
		{A061F62A-B67E-4DA6-B1AE-2CC0F3A6A4D4}.Debug|iPhone.Build.0 = Debug|Any CPU
		{A061F62A-B67E-4DA6-B1AE-2CC0F3A6A4D4}.Debug|iPhone.Deploy.0 = Debug|Any CPU
		{A061F62A-B67E-4DA6-B1AE-2CC0F3A6A4D4}.Debug|iPhoneSimulator.ActiveCfg = Debug|Any CPU
		{A061F62A-B67E-4DA6-B1AE-2CC0F3A6A4D4}.Debug|iPhoneSimulator.Build.0 = Debug|Any CPU
		{A061F62A-B67E-4DA6-B1AE-2CC0F3A6A4D4}.Debug|iPhoneSimulator.Deploy.0 = Debug|Any CPU
		{A061F62A-B67E-4DA6-B1AE-2CC0F3A6A4D4}.Release|Any CPU.ActiveCfg = Release|Any CPU
		{A061F62A-B67E-4DA6-B1AE-2CC0F3A6A4D4}.Release|Any CPU.Build.0 = Release|Any CPU
		{A061F62A-B67E-4DA6-B1AE-2CC0F3A6A4D4}.Release|Any CPU.Deploy.0 = Release|Any CPU
		{A061F62A-B67E-4DA6-B1AE-2CC0F3A6A4D4}.Release|iPhone.ActiveCfg = Release|Any CPU
		{A061F62A-B67E-4DA6-B1AE-2CC0F3A6A4D4}.Release|iPhone.Build.0 = Release|Any CPU
		{A061F62A-B67E-4DA6-B1AE-2CC0F3A6A4D4}.Release|iPhone.Deploy.0 = Release|Any CPU
		{A061F62A-B67E-4DA6-B1AE-2CC0F3A6A4D4}.Release|iPhoneSimulator.ActiveCfg = Release|Any CPU
		{A061F62A-B67E-4DA6-B1AE-2CC0F3A6A4D4}.Release|iPhoneSimulator.Build.0 = Release|Any CPU
		{A061F62A-B67E-4DA6-B1AE-2CC0F3A6A4D4}.Release|iPhoneSimulator.Deploy.0 = Release|Any CPU
	EndGlobalSection
	GlobalSection(SolutionProperties) = preSolution
		HideSolutionNode = FALSE
	EndGlobalSection
	GlobalSection(ExtensibilityGlobals) = postSolution
		SolutionGuid = {A2B734AF-5E4A-4988-83CB-C43E216502E7}
	EndGlobalSection
EndGlobal
